
Microsoft Visual Studio Solution File, Format Version 12.00
# Visual Studio 2013
VisualStudioVersion = 12.0.40629.0
MinimumVisualStudioVersion = 10.0.40219.1
Project("{FAE04EC0-301F-11D3-BF4B-00C04F79EFBC}") = "pos409-sandbox-forms", "pos409-sandbox-forms\pos409-sandbox-forms.csproj", "{D6526446-8CE2-422F-BDA9-45F82E456245}"
EndProject
Global
	GlobalSection(SolutionConfigurationPlatforms) = preSolution
		Debug|Any CPU = Debug|Any CPU
		Release|Any CPU = Release|Any CPU
	EndGlobalSection
	GlobalSection(ProjectConfigurationPlatforms) = postSolution
		{D6526446-8CE2-422F-BDA9-45F82E456245}.Debug|Any CPU.ActiveCfg = Debug|Any CPU
		{D6526446-8CE2-422F-BDA9-45F82E456245}.Debug|Any CPU.Build.0 = Debug|Any CPU
		{D6526446-8CE2-422F-BDA9-45F82E456245}.Release|Any CPU.ActiveCfg = Release|Any CPU
		{D6526446-8CE2-422F-BDA9-45F82E456245}.Release|Any CPU.Build.0 = Release|Any CPU
	EndGlobalSection
	GlobalSection(SolutionProperties) = preSolution
		HideSolutionNode = FALSE
	EndGlobalSection
EndGlobal
